{
  "version": 4,
  "terraform_version": "0.12.4",
  "serial": 65,
  "lineage": "6fa5f07c-6a85-7347-8c50-77c09912c63b",
  "outputs": {
    "ip": {
      "value": "144.202.82.231",
      "type": "string"
    }
  },
  "resources": [
    {
      "mode": "managed",
      "type": "vultr_firewall_group",
      "name": "fwg",
      "provider": "provider.vultr",
      "instances": [
        {
          "schema_version": 0,
          "attributes": {
            "date_created": "2019-07-28 01:17:27",
            "date_modified": "2019-07-28 01:17:27",
            "description": "docker-fwg",
            "id": "40bc5140",
            "instance_count": 0,
            "max_rule_count": 50,
            "rule_count": 0
          },
          "private": "bnVsbA=="
        }
      ]
    },
    {
      "mode": "managed",
      "type": "vultr_firewall_rule",
      "name": "http",
      "provider": "provider.vultr",
      "instances": [
        {
          "schema_version": 0,
          "attributes": {
            "firewall_group_id": "40bc5140",
            "from_port": 80,
            "id": "3",
            "ip_type": "v4",
            "network": "0.0.0.0/0",
            "notes": "",
            "protocol": "tcp",
            "to_port": 0
          },
          "private": "bnVsbA==",
          "depends_on": [
            "vultr_firewall_group.fwg"
          ]
        }
      ]
    },
    {
      "mode": "managed",
      "type": "vultr_firewall_rule",
      "name": "http-docker",
      "provider": "provider.vultr",
      "instances": [
        {
          "schema_version": 0,
          "attributes": {
            "firewall_group_id": "40bc5140",
            "from_port": 8000,
            "id": "4",
            "ip_type": "v4",
            "network": "0.0.0.0/0",
            "notes": "",
            "protocol": "tcp",
            "to_port": 0
          },
          "private": "bnVsbA==",
          "depends_on": [
            "vultr_firewall_group.fwg"
          ]
        }
      ]
    },
    {
      "mode": "managed",
      "type": "vultr_firewall_rule",
      "name": "http2-docker",
      "provider": "provider.vultr",
      "instances": [
        {
          "schema_version": 0,
          "attributes": {
            "firewall_group_id": "40bc5140",
            "from_port": 8082,
            "id": "2",
            "ip_type": "v4",
            "network": "0.0.0.0/0",
            "notes": "",
            "protocol": "tcp",
            "to_port": 0
          },
          "private": "bnVsbA==",
          "depends_on": [
            "vultr_firewall_group.fwg"
          ]
        }
      ]
    },
    {
      "mode": "managed",
      "type": "vultr_firewall_rule",
      "name": "https",
      "provider": "provider.vultr",
      "instances": [
        {
          "schema_version": 0,
          "attributes": {
            "firewall_group_id": "40bc5140",
            "from_port": 443,
            "id": "1",
            "ip_type": "v4",
            "network": "0.0.0.0/0",
            "notes": "",
            "protocol": "tcp",
            "to_port": 0
          },
          "private": "bnVsbA==",
          "depends_on": [
            "vultr_firewall_group.fwg"
          ]
        }
      ]
    },
    {
      "mode": "managed",
      "type": "vultr_firewall_rule",
      "name": "ssh",
      "provider": "provider.vultr",
      "instances": [
        {
          "schema_version": 0,
          "attributes": {
            "firewall_group_id": "40bc5140",
            "from_port": 22,
            "id": "5",
            "ip_type": "v4",
            "network": "0.0.0.0/0",
            "notes": "",
            "protocol": "tcp",
            "to_port": 0
          },
          "private": "bnVsbA==",
          "depends_on": [
            "vultr_firewall_group.fwg"
          ]
        }
      ]
    },
    {
      "mode": "managed",
      "type": "vultr_server",
      "name": "my_server",
      "provider": "provider.vultr",
      "instances": [
        {
          "schema_version": 0,
          "attributes": {
            "allowed_bandwidth": "1000",
            "app_id": 0,
            "auto_backup": true,
            "cost_per_month": "5.00",
            "current_bandwidth": 0,
            "date_created": "2019-07-28 01:17:29",
            "ddos_protection": true,
            "default_password": "3n[V%v6M.SffPupB",
            "disk": "Virtual 25 GB",
            "enable_ipv6": true,
            "enable_private_network": true,
            "firewall_group_id": "40bc5140",
            "gateway_v4": "144.202.82.1",
            "hostname": null,
            "id": "27543493",
            "internal_ip": "10.4.96.5",
            "iso_id": null,
            "kvm_url": "https://my.vultr.com/subs/vps/novnc/api.php?data=djJ8ZGVrdFdWZkZUYmtqeXBmR1p2Z04xdlpzSThmLVgwLWF89F7l3yAHC43qShaJq4_vjmTA8kVmLgsOaMumer9mOD70kGTtQvE0AISpaiByTToTsY8vBI2M-Q9CUR0SRsn7wcqeNOf8_UZOR5j2Ekgz406pOPskLVK7TIAiwEM-M942wzRYETZTfT8raVkgyxhKWQ5N40o_5vKbAe5Pee6BT5GdXvIz",
            "label": "kampos",
            "location": "Seattle",
            "main_ip": "144.202.82.231",
            "netmask_v4": "255.255.254.0",
            "network_ids": [
              "net5d2884067a54a"
            ],
            "network_ips": {
              "net5d2884067a54a": "10.4.96.5"
            },
            "network_macs": {
              "net5d2884067a54a": "5a:00:02:33:07:5f"
            },
            "notify_activate": false,
            "os": "Ubuntu 16.04 x64",
            "os_id": 215,
            "pending_charges": "0.04",
            "plan_id": 201,
            "power_status": "running",
            "ram": "1024 MB",
            "region_id": 4,
            "script_id": null,
            "server_state": "installingbooting",
            "snapshot_id": null,
            "ssh_key_ids": [
              "5d3cf7a73249b"
            ],
            "status": "active",
            "tag": "tag",
            "user_data": null,
            "v6_networks": [
              {
                "v6_main_ip": "2001:19f0:8001:ec5:5400:02ff:fe33:075f",
                "v6_network": "2001:19f0:8001:ec5::",
                "v6_network_size": "64"
              }
            ],
            "vps_cpu_count": "1"
          },
          "private": "bnVsbA==",
          "depends_on": [
            "vultr_firewall_group.fwg",
            "vultr_ssh_key.ansible-key"
          ]
        }
      ]
    },
    {
      "mode": "managed",
      "type": "vultr_ssh_key",
      "name": "ansible-key",
      "provider": "provider.vultr",
      "instances": [
        {
          "schema_version": 0,
          "attributes": {
            "date_created": "2019-07-28 01:17:27",
            "id": "5d3cf7a73249b",
            "name": "ansible-key",
            "ssh_key": "ssh-rsa AAAAB3NzaC1yc2EAAAADAQABAAACAQClHAYjyed7Hjw+po/+DVB92pRt0fR3X6Wya+fzSNKN3IYETnNM+v28Y95Af9TKoM26Pssyq1UP4BQ7lbh7lFVAaPYV6WkhyDfSx0K1QHzzw7DbNCf8izPbDbtOUWn9PPr2ZkCU24epvNbYztPAiS0XVrKrRTv/E0+zo8cwOolrp+YVxEHVylyIgS7oeKtuU0aSWCOkcW4gwNj++9Iz9x8b0CQDk4v/ktgMhUgl3pWwqWDpjmpw6VVhGm12jglnjBS/s2G4m1bSIv4MA5oK/i0BKHi/V0OChZ3YW/rpvw0uhke3CLuR9zwNEM1hwklsS8CJ5ET1w+qEJvONh3VgeoavzGalK8T0evRHw0YFsWP1cpBIE2cLiKr2qIZl34w6G4UbEhxmNWvBJSfBSEAYApLHFJJCueK3w9XP2Ied+G8+wWT4uBetkZUN0qj7gljMYsKetz8SWOjhXwNIwQy95Gmj0ivkTCfaAOAprGIb3c5lwBLO99xmBLH7iWtqymvpwNAlyYiTWl8W+aPYZ1Lig9pS4hfcVrPcB9JXyWPOdkBOC3/E20F0wONCPJfB5UYGdy4/rMxT4EcuGSw/mb7UuPEA/1FN43Jsqj1aynW00IaE6/b1zdpBAjQA4FBRB3nWVX3xQTM3avrbMYcOWufm5PMX2vjXqWl2+xdLaiCbeuf3gQ== force@stress"
          },
          "private": "bnVsbA=="
        }
      ]
    },
    {
      "mode": "managed",
      "type": "vultr_startup_script",
      "name": "deb-python-install",
      "provider": "provider.vultr",
      "instances": [
        {
          "schema_version": 0,
          "attributes": {
            "date_created": "2019-07-28 01:17:27",
            "date_modified": "2019-07-28 01:17:27",
            "id": "562169",
            "name": "deb-python-install",
            "script": "apt install python -y",
            "type": "boot"
          },
          "private": "bnVsbA=="
        }
      ]
    }
  ]
}
